// !$*UTF8*$!
{
	archiveVersion = 1;
	classes = {
	};
	objectVersion = 56;
	objects = {

/* Begin PBXBuildFile section */
		CE488D0B416AF526F57F95E9 /* MIDIDriver.cpp in Sources */ = {isa = PBXBuildFile; fileRef = E4C3327CD10E752153E7E801 /* MIDIDriver.cpp */; };
		86F8A8D5218987A7CE4233F7 /* MIDIDriverUtils.cpp in Sources */ = {isa = PBXBuildFile; fileRef = 2B12C6A118914DE41E43BE45 /* MIDIDriverUtils.cpp */; };
		68135147AA3407B3587EFABB /* USBMIDIDriverBase.cpp in Sources */ = {isa = PBXBuildFile; fileRef = 6F9124F02A272A60459927F9 /* USBMIDIDriverBase.cpp */; };
		BC47F2E1AC70B106E47806AA /* USBVendorMIDIDriver.cpp in Sources */ = {isa = PBXBuildFile; fileRef = BCDC3630A42E2005AC0B36D0 /* USBVendorMIDIDriver.cpp */; };
		3B573C2F9FA7CFF3989AAF0A /* USBMIDIDevice.cpp in Sources */ = {isa = PBXBuildFile; fileRef = 428562BAA67EC32C9EE7973F /* USBMIDIDevice.cpp */; };
		10669346917233BB781093C0 /* USBDevice.cpp in Sources */ = {isa = PBXBuildFile; fileRef = F9AE626F87751746B6CCEC00 /* USBDevice.cpp */; };
		DE03D07299F8389CE0A946E3 /* USBMIDIDeviceManager.cpp in Sources */ = {isa = PBXBuildFile; fileRef = B629593F9B613719887CB708 /* USBMIDIDeviceManager.cpp */; };
		DA9ADBE99CA2486D929A829A /* IOServiceClient.cpp in Sources */ = {isa = PBXBuildFile; fileRef = 74798778F8C464977E6F4BEE /* IOServiceClient.cpp */; };
		FD3EAD7D74699EFF7E2D3F44 /* DM2USBMIDI.cpp in Sources */ = {isa = PBXBuildFile; fileRef = 1557C961B3644250BA94AC90 /* DM2USBMIDI.cpp */; };
		21D7A37B7DFE7CB5FA483C29 /* DM2Configuration.cpp in Sources */ = {isa = PBXBuildFile; fileRef = 54021DB8C1AE8A296662964B /* DM2Configuration.cpp */; };
		694E10D3E3631662ABC93726 /* DM2BasicBanks.cpp in Sources */ = {isa = PBXBuildFile; fileRef = 37057DFFF9AFF0A17A862A43 /* DM2BasicBanks.cpp */; };
		BD7877881766AF9CECD4FA35 /* TraktorConfiguration.cpp in Sources */ = {isa = PBXBuildFile; fileRef = DE080093618C988E5D3A901E /* TraktorConfiguration.cpp */; };
		714BBF8ED99E2EEAF3F07B06 /* TraktorModeInterface.cpp in Sources */ = {isa = PBXBuildFile; fileRef = 121EFA147E807BBA9DDD29AF /* TraktorModeInterface.cpp */; };
		5C20FE9BCE7A82AFC2BEAB81 /* TraktorMixMode.cpp in Sources */ = {isa = PBXBuildFile; fileRef = 9A03989AA7471BDF87FED6D9 /* TraktorMixMode.cpp */; };
		B1C08B7F6B419B72F617983F /* TraktorLoopMode.cpp in Sources */ = {isa = PBXBuildFile; fileRef = 5FEC16613E6CF865B6F1B02F /* TraktorLoopMode.cpp */; };
		CDE127E1CF1D8E989D06206D /* TraktorFXMode.cpp in Sources */ = {isa = PBXBuildFile; fileRef = FDC040298CC6E831A68E8683 /* TraktorFXMode.cpp */; };
		FB5D7BF227E577B49488CA09 /* TraktorEQMode.cpp in Sources */ = {isa = PBXBuildFile; fileRef = 2B74371C10509088C3D12B8D /* TraktorEQMode.cpp */; };
		F6AE7A57195B19A7751BE9EF /* MixxxConfiguration.cpp in Sources */ = {isa = PBXBuildFile; fileRef = CE2A80BA32C642A39424A849 /* MixxxConfiguration.cpp */; };
		A1B2C3D4E5F60718192A3B4C /* MIDIDriverDevice.cpp in Sources */ = {isa = PBXBuildFile; fileRef = 1A2B3C4D5E6F708192A3B4C5 /* MIDIDriverDevice.cpp */; };
		B2C3D4E5F6071829A3B4C5D6 /* USBDeviceManager.cpp in Sources */ = {isa = PBXBuildFile; fileRef = 2B3C4D5E6F70819A3B4C5D6E /* USBDeviceManager.cpp */; };
		C3D4E5F607182939B4C5D6E7 /* MIDIBackCompatible.cpp in Sources */ = {isa = PBXBuildFile; fileRef = 3C4D5E6F7081929B4C5D6E7F /* MIDIBackCompatible.cpp */; };
		D4E5F60718293A4BC5D6E7F8 /* USBInterfaceManager.cpp in Sources */ = {isa = PBXBuildFile; fileRef = 4D5E6F708192A3BC5D6E7F80 /* USBInterfaceManager.cpp */; };
		4883ED8D3910AB17DCAC678F /* CoreMIDI.framework in Frameworks */ = {isa = PBXBuildFile; fileRef = 4D49806DBF9E9743D60914E7 /* CoreMIDI.framework */; };
		40342E77787E5CABD283E0D1 /* IOKit.framework in Frameworks */ = {isa = PBXBuildFile; fileRef = F7E22C6E927733DC40C8963A /* IOKit.framework */; };
		0E56F5A9F8FAFEF35F9FE69D /* CoreFoundation.framework in Frameworks */ = {isa = PBXBuildFile; fileRef = 23AA2A085CB20796549C235C /* CoreFoundation.framework */; };
/* End PBXBuildFile section */

/* Begin PBXFileReference section */
		86B46D32FA5C0D89C4F1BDCE /* DM2USBMIDIDriver.plugin */ = {isa = PBXFileReference; explicitFileType = wrapper.cfbundle; includeInIndex = 0; path = DM2USBMIDIDriver.plugin; sourceTree = BUILT_PRODUCTS_DIR; };
		E4C3327CD10E752153E7E801 /* MIDIDriver.cpp */ = {isa = PBXFileReference; lastKnownFileType = sourcecode.cpp.cpp; name = MIDIDriver.cpp; path = Shared/MIDIDriver.cpp; sourceTree = SOURCE_ROOT; };
		2B12C6A118914DE41E43BE45 /* MIDIDriverUtils.cpp */ = {isa = PBXFileReference; lastKnownFileType = sourcecode.cpp.cpp; name = MIDIDriverUtils.cpp; path = Shared/MIDIDriverUtils.cpp; sourceTree = SOURCE_ROOT; };
		6F9124F02A272A60459927F9 /* USBMIDIDriverBase.cpp */ = {isa = PBXFileReference; lastKnownFileType = sourcecode.cpp.cpp; name = USBMIDIDriverBase.cpp; path = Shared/USBMIDIDriverBase.cpp; sourceTree = SOURCE_ROOT; };
		BCDC3630A42E2005AC0B36D0 /* USBVendorMIDIDriver.cpp */ = {isa = PBXFileReference; lastKnownFileType = sourcecode.cpp.cpp; name = USBVendorMIDIDriver.cpp; path = Shared/USBVendorMIDIDriver.cpp; sourceTree = SOURCE_ROOT; };
		428562BAA67EC32C9EE7973F /* USBMIDIDevice.cpp */ = {isa = PBXFileReference; lastKnownFileType = sourcecode.cpp.cpp; name = USBMIDIDevice.cpp; path = Shared/USBMIDIDevice.cpp; sourceTree = SOURCE_ROOT; };
		F9AE626F87751746B6CCEC00 /* USBDevice.cpp */ = {isa = PBXFileReference; lastKnownFileType = sourcecode.cpp.cpp; name = USBDevice.cpp; path = Shared/USBDevice.cpp; sourceTree = SOURCE_ROOT; };
		B629593F9B613719887CB708 /* USBMIDIDeviceManager.cpp */ = {isa = PBXFileReference; lastKnownFileType = sourcecode.cpp.cpp; name = USBMIDIDeviceManager.cpp; path = Shared/USBMIDIDeviceManager.cpp; sourceTree = SOURCE_ROOT; };
		74798778F8C464977E6F4BEE /* IOServiceClient.cpp */ = {isa = PBXFileReference; lastKnownFileType = sourcecode.cpp.cpp; name = IOServiceClient.cpp; path = Shared/IOServiceClient.cpp; sourceTree = SOURCE_ROOT; };
		1557C961B3644250BA94AC90 /* DM2USBMIDI.cpp */ = {isa = PBXFileReference; lastKnownFileType = sourcecode.cpp.cpp; name = DM2USBMIDI.cpp; path = DM2USBMIDIDriver/DM2USBMIDI.cpp; sourceTree = SOURCE_ROOT; };
		54021DB8C1AE8A296662964B /* DM2Configuration.cpp */ = {isa = PBXFileReference; lastKnownFileType = sourcecode.cpp.cpp; name = DM2Configuration.cpp; path = DM2USBMIDIDriver/Configurations/DM2Configuration.cpp; sourceTree = SOURCE_ROOT; };
		37057DFFF9AFF0A17A862A43 /* DM2BasicBanks.cpp */ = {isa = PBXFileReference; lastKnownFileType = sourcecode.cpp.cpp; name = DM2BasicBanks.cpp; path = DM2USBMIDIDriver/Configurations/DM2BasicBanks.cpp; sourceTree = SOURCE_ROOT; };
		DE080093618C988E5D3A901E /* TraktorConfiguration.cpp */ = {isa = PBXFileReference; lastKnownFileType = sourcecode.cpp.cpp; name = TraktorConfiguration.cpp; path = DM2USBMIDIDriver/Configurations/Traktor/TraktorConfiguration.cpp; sourceTree = SOURCE_ROOT; };
		121EFA147E807BBA9DDD29AF /* TraktorModeInterface.cpp */ = {isa = PBXFileReference; lastKnownFileType = sourcecode.cpp.cpp; name = TraktorModeInterface.cpp; path = DM2USBMIDIDriver/Configurations/Traktor/TraktorModeInterface.cpp; sourceTree = SOURCE_ROOT; };
		9A03989AA7471BDF87FED6D9 /* TraktorMixMode.cpp */ = {isa = PBXFileReference; lastKnownFileType = sourcecode.cpp.cpp; name = TraktorMixMode.cpp; path = DM2USBMIDIDriver/Configurations/Traktor/TraktorMixMode.cpp; sourceTree = SOURCE_ROOT; };
		5FEC16613E6CF865B6F1B02F /* TraktorLoopMode.cpp */ = {isa = PBXFileReference; lastKnownFileType = sourcecode.cpp.cpp; name = TraktorLoopMode.cpp; path = DM2USBMIDIDriver/Configurations/Traktor/TraktorLoopMode.cpp; sourceTree = SOURCE_ROOT; };
		FDC040298CC6E831A68E8683 /* TraktorFXMode.cpp */ = {isa = PBXFileReference; lastKnownFileType = sourcecode.cpp.cpp; name = TraktorFXMode.cpp; path = DM2USBMIDIDriver/Configurations/Traktor/TraktorFXMode.cpp; sourceTree = SOURCE_ROOT; };
		2B74371C10509088C3D12B8D /* TraktorEQMode.cpp */ = {isa = PBXFileReference; lastKnownFileType = sourcecode.cpp.cpp; name = TraktorEQMode.cpp; path = DM2USBMIDIDriver/Configurations/Traktor/TraktorEQMode.cpp; sourceTree = SOURCE_ROOT; };
		CE2A80BA32C642A39424A849 /* MixxxConfiguration.cpp */ = {isa = PBXFileReference; lastKnownFileType = sourcecode.cpp.cpp; name = MixxxConfiguration.cpp; path = DM2USBMIDIDriver/Configurations/Mixxx/MixxxConfiguration.cpp; sourceTree = SOURCE_ROOT; };
		1A2B3C4D5E6F708192A3B4C5 /* MIDIDriverDevice.cpp */ = {isa = PBXFileReference; lastKnownFileType = sourcecode.cpp.cpp; name = MIDIDriverDevice.cpp; path = Shared/MIDIDriverDevice.cpp; sourceTree = SOURCE_ROOT; };
		2B3C4D5E6F70819A3B4C5D6E /* USBDeviceManager.cpp */ = {isa = PBXFileReference; lastKnownFileType = sourcecode.cpp.cpp; name = USBDeviceManager.cpp; path = Shared/USBDeviceManager.cpp; sourceTree = SOURCE_ROOT; };
		3C4D5E6F7081929B4C5D6E7F /* MIDIBackCompatible.cpp */ = {isa = PBXFileReference; lastKnownFileType = sourcecode.cpp.cpp; name = MIDIBackCompatible.cpp; path = Shared/MIDIBackCompatible.cpp; sourceTree = SOURCE_ROOT; };
		4D5E6F708192A3BC5D6E7F80 /* USBInterfaceManager.cpp */ = {isa = PBXFileReference; lastKnownFileType = sourcecode.cpp.cpp; name = USBInterfaceManager.cpp; path = Shared/USBInterfaceManager.cpp; sourceTree = SOURCE_ROOT; };
		257FDE64F976DCF095EB08EE /* Info-DM2USBMIDIDriver.plist */ = {isa = PBXFileReference; lastKnownFileType = text.plist.xml; name = "Info-DM2USBMIDIDriver.plist"; path = DM2USBMIDIDriver/Info-DM2USBMIDIDriver.plist; sourceTree = SOURCE_ROOT; };
		4D49806DBF9E9743D60914E7 /* CoreMIDI.framework */ = {isa = PBXFileReference; lastKnownFileType = wrapper.framework; name = CoreMIDI.framework; path = System/Library/Frameworks/CoreMIDI.framework; sourceTree = SDKROOT; };
		F7E22C6E927733DC40C8963A /* IOKit.framework */ = {isa = PBXFileReference; lastKnownFileType = wrapper.framework; name = IOKit.framework; path = System/Library/Frameworks/IOKit.framework; sourceTree = SDKROOT; };
		23AA2A085CB20796549C235C /* CoreFoundation.framework */ = {isa = PBXFileReference; lastKnownFileType = wrapper.framework; name = CoreFoundation.framework; path = System/Library/Frameworks/CoreFoundation.framework; sourceTree = SDKROOT; };
/* End PBXFileReference section */

/* Begin PBXFrameworksBuildPhase section */
		D4A1E6E7BA0A4F716195D8BA /* Frameworks */ = {
			isa = PBXFrameworksBuildPhase;
			buildActionMask = 2147483647;
			files = (
				4883ED8D3910AB17DCAC678F /* CoreMIDI.framework in Frameworks */,
				40342E77787E5CABD283E0D1 /* IOKit.framework in Frameworks */,
				0E56F5A9F8FAFEF35F9FE69D /* CoreFoundation.framework in Frameworks */,
			);
			runOnlyForDeploymentPostprocessing = 0;
		};
/* End PBXFrameworksBuildPhase section */

/* Begin PBXGroup section */
		739D5FF4855E5A4F0C358350 = {
			isa = PBXGroup;
			children = (
				36029982464A471B2A17BC84 /* Sources */,
				555A184CDCECC0A956EAA9F8 /* Frameworks */,
				5A326ACBF4E07C665AE4961D /* Products */,
			);
			sourceTree = "<group>";
		};
		36029982464A471B2A17BC84 /* Sources */ = {
			isa = PBXGroup;
			children = (
				6C1F17FA0CC13EE3C618975F /* Shared */,
				C50574DB0987099584CD2E8C /* DM2USBMIDIDriver */,
				257FDE64F976DCF095EB08EE /* Info-DM2USBMIDIDriver.plist */,
			);
			name = Sources;
			sourceTree = "<group>";
		};
		6C1F17FA0CC13EE3C618975F /* Shared */ = {
			isa = PBXGroup;
			children = (
				E4C3327CD10E752153E7E801 /* MIDIDriver.cpp */,
				2B12C6A118914DE41E43BE45 /* MIDIDriverUtils.cpp */,
				6F9124F02A272A60459927F9 /* USBMIDIDriverBase.cpp */,
				BCDC3630A42E2005AC0B36D0 /* USBVendorMIDIDriver.cpp */,
				428562BAA67EC32C9EE7973F /* USBMIDIDevice.cpp */,
				F9AE626F87751746B6CCEC00 /* USBDevice.cpp */,
				B629593F9B613719887CB708 /* USBMIDIDeviceManager.cpp */,
				74798778F8C464977E6F4BEE /* IOServiceClient.cpp */,
				1A2B3C4D5E6F708192A3B4C5 /* MIDIDriverDevice.cpp */,
				2B3C4D5E6F70819A3B4C5D6E /* USBDeviceManager.cpp */,
				3C4D5E6F7081929B4C5D6E7F /* MIDIBackCompatible.cpp */,
				4D5E6F708192A3BC5D6E7F80 /* USBInterfaceManager.cpp */,
			);
			name = Shared;
			sourceTree = "<group>";
		};
		C50574DB0987099584CD2E8C /* DM2USBMIDIDriver */ = {
			isa = PBXGroup;
			children = (
				1557C961B3644250BA94AC90 /* DM2USBMIDI.cpp */,
				D3E4E2337F69BD164A7F7184 /* Configurations */,
			);
			name = DM2USBMIDIDriver;
			sourceTree = "<group>";
		};
		D3E4E2337F69BD164A7F7184 /* Configurations */ = {
			isa = PBXGroup;
			children = (
				54021DB8C1AE8A296662964B /* DM2Configuration.cpp */,
				37057DFFF9AFF0A17A862A43 /* DM2BasicBanks.cpp */,
				CA29B8BA9C05D018A1452458 /* Traktor */,
				2AABCC8B2C80A8EAE4E4893F /* Mixxx */,
			);
			name = Configurations;
			sourceTree = "<group>";
		};
		CA29B8BA9C05D018A1452458 /* Traktor */ = {
			isa = PBXGroup;
			children = (
				DE080093618C988E5D3A901E /* TraktorConfiguration.cpp */,
				121EFA147E807BBA9DDD29AF /* TraktorModeInterface.cpp */,
				9A03989AA7471BDF87FED6D9 /* TraktorMixMode.cpp */,
				5FEC16613E6CF865B6F1B02F /* TraktorLoopMode.cpp */,
				FDC040298CC6E831A68E8683 /* TraktorFXMode.cpp */,
				2B74371C10509088C3D12B8D /* TraktorEQMode.cpp */,
			);
			name = Traktor;
			sourceTree = "<group>";
		};
		2AABCC8B2C80A8EAE4E4893F /* Mixxx */ = {
			isa = PBXGroup;
			children = (
				CE2A80BA32C642A39424A849 /* MixxxConfiguration.cpp */,
			);
			name = Mixxx;
			sourceTree = "<group>";
		};
		555A184CDCECC0A956EAA9F8 /* Frameworks */ = {
			isa = PBXGroup;
			children = (
				4D49806DBF9E9743D60914E7 /* CoreMIDI.framework */,
				F7E22C6E927733DC40C8963A /* IOKit.framework */,
				23AA2A085CB20796549C235C /* CoreFoundation.framework */,
			);
			name = Frameworks;
			sourceTree = "<group>";
		};
		5A326ACBF4E07C665AE4961D /* Products */ = {
			isa = PBXGroup;
			children = (
				86B46D32FA5C0D89C4F1BDCE /* DM2USBMIDIDriver.plugin */,
			);
			name = Products;
			sourceTree = "<group>";
		};
/* End PBXGroup section */

/* Begin PBXNativeTarget section */
		EDA190317A906E062088260D /* DM2USBMIDIDriver */ = {
			isa = PBXNativeTarget;
			buildConfigurationList = 2BABAE8266A7CB82818EF770 /* Build configuration list for PBXNativeTarget "DM2USBMIDIDriver" */;
			buildPhases = (
				DE8380C39F4FB44AA17B7582 /* Sources */,
				D4A1E6E7BA0A4F716195D8BA /* Frameworks */,
			);
			buildRules = (
			);
			dependencies = (
			);
			name = DM2USBMIDIDriver;
			productName = DM2USBMIDIDriver;
			productReference = 86B46D32FA5C0D89C4F1BDCE /* DM2USBMIDIDriver.plugin */;
			productType = "com.apple.product-type.bundle";
		};
/* End PBXNativeTarget section */

/* Begin PBXProject section */
		EA010A6C4F978114D9F921D7 /* Project object */ = {
			isa = PBXProject;
			buildConfigurationList = 0F9C67B4D059688C38BE750D /* Build configuration list for PBXProject "DM2USBMIDIDriver" */;
			compatibilityVersion = "Xcode 14.0";
			developmentRegion = en;
			hasScannedForEncodings = 0;
			knownRegions = (
				en,
				Base,
			);
			mainGroup = 739D5FF4855E5A4F0C358350;
			productRefGroup = 5A326ACBF4E07C665AE4961D /* Products */;
			projectDirPath = "";
			projectRoot = "";
			targets = (
				EDA190317A906E062088260D /* DM2USBMIDIDriver */,
			);
		};
/* End PBXProject section */

/* Begin PBXSourcesBuildPhase section */
		DE8380C39F4FB44AA17B7582 /* Sources */ = {
			isa = PBXSourcesBuildPhase;
			buildActionMask = 2147483647;
			files = (
				CE488D0B416AF526F57F95E9 /* MIDIDriver.cpp in Sources */,
				86F8A8D5218987A7CE4233F7 /* MIDIDriverUtils.cpp in Sources */,
				68135147AA3407B3587EFABB /* USBMIDIDriverBase.cpp in Sources */,
				BC47F2E1AC70B106E47806AA /* USBVendorMIDIDriver.cpp in Sources */,
				3B573C2F9FA7CFF3989AAF0A /* USBMIDIDevice.cpp in Sources */,
				10669346917233BB781093C0 /* USBDevice.cpp in Sources */,
				DE03D07299F8389CE0A946E3 /* USBMIDIDeviceManager.cpp in Sources */,
				DA9ADBE99CA2486D929A829A /* IOServiceClient.cpp in Sources */,
				FD3EAD7D74699EFF7E2D3F44 /* DM2USBMIDI.cpp in Sources */,
				21D7A37B7DFE7CB5FA483C29 /* DM2Configuration.cpp in Sources */,
				694E10D3E3631662ABC93726 /* DM2BasicBanks.cpp in Sources */,
				BD7877881766AF9CECD4FA35 /* TraktorConfiguration.cpp in Sources */,
				714BBF8ED99E2EEAF3F07B06 /* TraktorModeInterface.cpp in Sources */,
				5C20FE9BCE7A82AFC2BEAB81 /* TraktorMixMode.cpp in Sources */,
				B1C08B7F6B419B72F617983F /* TraktorLoopMode.cpp in Sources */,
				CDE127E1CF1D8E989D06206D /* TraktorFXMode.cpp in Sources */,
				FB5D7BF227E577B49488CA09 /* TraktorEQMode.cpp in Sources */,
				F6AE7A57195B19A7751BE9EF /* MixxxConfiguration.cpp in Sources */,
				A1B2C3D4E5F60718192A3B4C /* MIDIDriverDevice.cpp in Sources */,
				B2C3D4E5F6071829A3B4C5D6 /* USBDeviceManager.cpp in Sources */,
				C3D4E5F607182939B4C5D6E7 /* MIDIBackCompatible.cpp in Sources */,
				D4E5F60718293A4BC5D6E7F8 /* USBInterfaceManager.cpp in Sources */,
			);
			runOnlyForDeploymentPostprocessing = 0;
		};
/* End PBXSourcesBuildPhase section */

/* Begin XCBuildConfiguration section */
		D6F5197D14E65266753DEF8D /* Debug */ = {
			isa = XCBuildConfiguration;
			buildSettings = {
				ALWAYS_SEARCH_USER_PATHS = NO;
				CLANG_CXX_LANGUAGE_STANDARD = "gnu++14";
				COPY_PHASE_STRIP = NO;
				DEBUG_INFORMATION_FORMAT = dwarf;
				ENABLE_STRICT_OBJC_MSGSEND = YES;
				ENABLE_TESTABILITY = YES;
				GCC_DYNAMIC_NO_PIC = NO;
				GCC_NO_COMMON_BLOCKS = YES;
				GCC_OPTIMIZATION_LEVEL = 0;
				GCC_PREPROCESSOR_DEFINITIONS = "$(inherited)";
				GCC_WARN_ABOUT_RETURN_TYPE = YES_ERROR;
				GCC_WARN_UNINITIALIZED_AUTOS = YES_AGGRESSIVE;
				MACOSX_DEPLOYMENT_TARGET = 13.0;
				ONLY_ACTIVE_ARCH = YES;
				SDKROOT = macosx;
			};
			name = Debug;
		};
		35395D35D319A6B1EC28D298 /* Release */ = {
			isa = XCBuildConfiguration;
			buildSettings = {
				ALWAYS_SEARCH_USER_PATHS = NO;
				CLANG_CXX_LANGUAGE_STANDARD = "gnu++14";
				COPY_PHASE_STRIP = NO;
				DEBUG_INFORMATION_FORMAT = "dwarf-with-dsym";
				ENABLE_NS_ASSERTIONS = NO;
				ENABLE_STRICT_OBJC_MSGSEND = YES;
				GCC_NO_COMMON_BLOCKS = YES;
				GCC_PREPROCESSOR_DEFINITIONS = "$(inherited)";
				GCC_WARN_ABOUT_RETURN_TYPE = YES_ERROR;
				GCC_WARN_UNINITIALIZED_AUTOS = YES_AGGRESSIVE;
				MACOSX_DEPLOYMENT_TARGET = 13.0;
				SDKROOT = macosx;
			};
			name = Release;
		};
		392453169888EF8981FD4332 /* Debug */ = {
			isa = XCBuildConfiguration;
			buildSettings = {
				COMBINE_HIDPI_IMAGES = YES;
				GENERATE_INFOPLIST_FILE = NO;
				GCC_SYMBOLS_PRIVATE_EXTERN = NO;
				HEADER_SEARCH_PATHS = (
					"$(SRCROOT)/Shared",
					"$(SRCROOT)/DM2USBMIDIDriver",
					"$(SRCROOT)/DM2USBMIDIDriver/Configurations",
					"$(SRCROOT)/DM2USBMIDIDriver/Configurations/Traktor",
					"$(SRCROOT)/DM2USBMIDIDriver/Configurations/Mixxx",
				);
				INFOPLIST_FILE = "DM2USBMIDIDriver/Info-DM2USBMIDIDriver.plist";
				INSTALL_PATH = "/Library/Audio/MIDI Drivers";
				MACOSX_DEPLOYMENT_TARGET = 13.0;
				OTHER_LDFLAGS = (
					"-framework",
					CoreMIDI,
					"-framework",
					IOKit,
					"-framework",
					CoreFoundation,
				);
				PRODUCT_BUNDLE_IDENTIFIER = "com.joemattiello.driver.dm2";
				PRODUCT_NAME = "$(TARGET_NAME)";
				SKIP_INSTALL = YES;
				WRAPPER_EXTENSION = plugin;
			};
			name = Debug;
		};
		7EE85995FF4080B2F2661A86 /* Release */ = {
			isa = XCBuildConfiguration;
			buildSettings = {
				COMBINE_HIDPI_IMAGES = YES;
				GENERATE_INFOPLIST_FILE = NO;
				GCC_SYMBOLS_PRIVATE_EXTERN = NO;
				HEADER_SEARCH_PATHS = (
					"$(SRCROOT)/Shared",
					"$(SRCROOT)/DM2USBMIDIDriver",
					"$(SRCROOT)/DM2USBMIDIDriver/Configurations",
					"$(SRCROOT)/DM2USBMIDIDriver/Configurations/Traktor",
					"$(SRCROOT)/DM2USBMIDIDriver/Configurations/Mixxx",
				);
				INFOPLIST_FILE = "DM2USBMIDIDriver/Info-DM2USBMIDIDriver.plist";
				INSTALL_PATH = "/Library/Audio/MIDI Drivers";
				MACOSX_DEPLOYMENT_TARGET = 13.0;
				OTHER_LDFLAGS = (
					"-framework",
					CoreMIDI,
					"-framework",
					IOKit,
					"-framework",
					CoreFoundation,
				);
				PRODUCT_BUNDLE_IDENTIFIER = "com.joemattiello.driver.dm2";
				PRODUCT_NAME = "$(TARGET_NAME)";
				SKIP_INSTALL = YES;
				WRAPPER_EXTENSION = plugin;
			};
			name = Release;
		};
/* End XCBuildConfiguration section */

/* Begin XCConfigurationList section */
		0F9C67B4D059688C38BE750D /* Build configuration list for PBXProject "DM2USBMIDIDriver" */ = {
			isa = XCConfigurationList;
			buildConfigurations = (
				D6F5197D14E65266753DEF8D /* Debug */,
				35395D35D319A6B1EC28D298 /* Release */,
			);
			defaultConfigurationIsVisible = 0;
			defaultConfigurationName = Release;
		};
		2BABAE8266A7CB82818EF770 /* Build configuration list for PBXNativeTarget "DM2USBMIDIDriver" */ = {
			isa = XCConfigurationList;
			buildConfigurations = (
				392453169888EF8981FD4332 /* Debug */,
				7EE85995FF4080B2F2661A86 /* Release */,
			);
			defaultConfigurationIsVisible = 0;
			defaultConfigurationName = Release;
		};
/* End XCConfigurationList section */

	};
	rootObject = EA010A6C4F978114D9F921D7 /* Project object */;
}
